
Microsoft Visual Studio Solution File, Format Version 12.00
# Visual Studio Version 16
VisualStudioVersion = 16.0.31229.75
MinimumVisualStudioVersion = 10.0.40219.1
Project("{FAE04EC0-301F-11D3-BF4B-00C04F79EFBC}") = "Securitydemo", "Securitydemo.csproj", "{E9CFF046-D534-4C37-B348-174583A023DB}"
EndProject
Global
	GlobalSection(SolutionConfigurationPlatforms) = preSolution
		Debug|Any CPU = Debug|Any CPU
		Release|Any CPU = Release|Any CPU
	EndGlobalSection
	GlobalSection(ProjectConfigurationPlatforms) = postSolution
		{E9CFF046-D534-4C37-B348-174583A023DB}.Debug|Any CPU.ActiveCfg = Debug|Any CPU
		{E9CFF046-D534-4C37-B348-174583A023DB}.Debug|Any CPU.Build.0 = Debug|Any CPU
		{E9CFF046-D534-4C37-B348-174583A023DB}.Release|Any CPU.ActiveCfg = Release|Any CPU
		{E9CFF046-D534-4C37-B348-174583A023DB}.Release|Any CPU.Build.0 = Release|Any CPU
	EndGlobalSection
	GlobalSection(SolutionProperties) = preSolution
		HideSolutionNode = FALSE
	EndGlobalSection
	GlobalSection(ExtensibilityGlobals) = postSolution
		SolutionGuid = {6E349D91-DB88-4C3E-9F60-933C83795176}
	EndGlobalSection
EndGlobal
